// !$*UTF8*$!
{
	archiveVersion = 1;
	classes = {
	};
	objectVersion = 46;
	objects = {

/* Begin PBXBuildFile section */
		953D74671F041CC700BEDBBD /* StepOneViewController.swift in Sources */ = {isa = PBXBuildFile; fileRef = 953D74661F041CC700BEDBBD /* StepOneViewController.swift */; };
		953D74691F041D4600BEDBBD /* StepTwoViewController.swift in Sources */ = {isa = PBXBuildFile; fileRef = 953D74681F041D4600BEDBBD /* StepTwoViewController.swift */; };
		953D746B1F041D5800BEDBBD /* StepThreeViewController.swift in Sources */ = {isa = PBXBuildFile; fileRef = 953D746A1F041D5800BEDBBD /* StepThreeViewController.swift */; };
		953D746D1F041D6D00BEDBBD /* StepFourViewController.swift in Sources */ = {isa = PBXBuildFile; fileRef = 953D746C1F041D6D00BEDBBD /* StepFourViewController.swift */; };
		953D746F1F041D8100BEDBBD /* StepFiveViewController.swift in Sources */ = {isa = PBXBuildFile; fileRef = 953D746E1F041D8100BEDBBD /* StepFiveViewController.swift */; };
		953D74711F041DDB00BEDBBD /* StepSixViewController.swift in Sources */ = {isa = PBXBuildFile; fileRef = 953D74701F041DDB00BEDBBD /* StepSixViewController.swift */; };
		953D74731F041DE900BEDBBD /* StepSevenViewController.swift in Sources */ = {isa = PBXBuildFile; fileRef = 953D74721F041DE900BEDBBD /* StepSevenViewController.swift */; };
		953D74751F041DF400BEDBBD /* StepEightViewController.swift in Sources */ = {isa = PBXBuildFile; fileRef = 953D74741F041DF400BEDBBD /* StepEightViewController.swift */; };
		953D74771F041E5D00BEDBBD /* FinishedStepsViewController.swift in Sources */ = {isa = PBXBuildFile; fileRef = 953D74761F041E5D00BEDBBD /* FinishedStepsViewController.swift */; };
		955D032A1F02C086007EE283 /* AppDelegate.swift in Sources */ = {isa = PBXBuildFile; fileRef = 955D03291F02C086007EE283 /* AppDelegate.swift */; };
		955D032F1F02C086007EE283 /* Main.storyboard in Resources */ = {isa = PBXBuildFile; fileRef = 955D032D1F02C086007EE283 /* Main.storyboard */; };
		955D03321F02C086007EE283 /* CrashAssistant.xcdatamodeld in Sources */ = {isa = PBXBuildFile; fileRef = 955D03301F02C086007EE283 /* CrashAssistant.xcdatamodeld */; };
		955D03341F02C086007EE283 /* Assets.xcassets in Resources */ = {isa = PBXBuildFile; fileRef = 955D03331F02C086007EE283 /* Assets.xcassets */; };
		955D03371F02C086007EE283 /* LaunchScreen.storyboard in Resources */ = {isa = PBXBuildFile; fileRef = 955D03351F02C086007EE283 /* LaunchScreen.storyboard */; };
		955D03401F02C55E007EE283 /* InitialViewController.swift in Sources */ = {isa = PBXBuildFile; fileRef = 955D033F1F02C55E007EE283 /* InitialViewController.swift */; };
		955D03431F02CBA4007EE283 /* UIView+FadeAnimation.swift in Sources */ = {isa = PBXBuildFile; fileRef = 955D03421F02CBA4007EE283 /* UIView+FadeAnimation.swift */; };
		95E872E01F05716900386BFE /* UINavigation+Pop.swift in Sources */ = {isa = PBXBuildFile; fileRef = 95E872DF1F05716900386BFE /* UINavigation+Pop.swift */; };
		95EABDF01F06B94B0040BF33 /* Step3+Convenience.swift in Sources */ = {isa = PBXBuildFile; fileRef = 95EABDEF1F06B94B0040BF33 /* Step3+Convenience.swift */; };
		95EABDF21F06B9E60040BF33 /* CoreDataStack.swift in Sources */ = {isa = PBXBuildFile; fileRef = 95EABDF11F06B9E60040BF33 /* CoreDataStack.swift */; };
		95EABDF41F06BB840040BF33 /* Step3Controller.swift in Sources */ = {isa = PBXBuildFile; fileRef = 95EABDF31F06BB840040BF33 /* Step3Controller.swift */; };
		95EABDF71F0707580040BF33 /* Date+Conversion.swift in Sources */ = {isa = PBXBuildFile; fileRef = 95EABDF61F0707580040BF33 /* Date+Conversion.swift */; };
		95F174961F04434A00CF65AD /* AccidentReportsTableViewController.swift in Sources */ = {isa = PBXBuildFile; fileRef = 95F174951F04434A00CF65AD /* AccidentReportsTableViewController.swift */; };
		95F174981F0443EB00CF65AD /* ProfileTableViewController.swift in Sources */ = {isa = PBXBuildFile; fileRef = 95F174971F0443EB00CF65AD /* ProfileTableViewController.swift */; };
		95F1749A1F04466D00CF65AD /* EmergencyListTableViewController.swift in Sources */ = {isa = PBXBuildFile; fileRef = 95F174991F04466D00CF65AD /* EmergencyListTableViewController.swift */; };
		95F1749C1F0446F700CF65AD /* AccidentReportDetailTableViewController.swift in Sources */ = {isa = PBXBuildFile; fileRef = 95F1749B1F0446F700CF65AD /* AccidentReportDetailTableViewController.swift */; };
		95F174A41F0448E700CF65AD /* WitnessesViewController.swift in Sources */ = {isa = PBXBuildFile; fileRef = 95F174A31F0448E700CF65AD /* WitnessesViewController.swift */; };
		95F174A61F04494300CF65AD /* PhotosViewController.swift in Sources */ = {isa = PBXBuildFile; fileRef = 95F174A51F04494300CF65AD /* PhotosViewController.swift */; };
		95F174A81F04496100CF65AD /* StatementViewController.swift in Sources */ = {isa = PBXBuildFile; fileRef = 95F174A71F04496100CF65AD /* StatementViewController.swift */; };
		95F174AB1F044AB300CF65AD /* AccidentReportTableViewCell.swift in Sources */ = {isa = PBXBuildFile; fileRef = 95F174AA1F044AB300CF65AD /* AccidentReportTableViewCell.swift */; };
/* End PBXBuildFile section */

/* Begin PBXFileReference section */
		953D74661F041CC700BEDBBD /* StepOneViewController.swift */ = {isa = PBXFileReference; fileEncoding = 4; lastKnownFileType = sourcecode.swift; path = StepOneViewController.swift; sourceTree = "<group>"; };
		953D74681F041D4600BEDBBD /* StepTwoViewController.swift */ = {isa = PBXFileReference; fileEncoding = 4; lastKnownFileType = sourcecode.swift; path = StepTwoViewController.swift; sourceTree = "<group>"; };
		953D746A1F041D5800BEDBBD /* StepThreeViewController.swift */ = {isa = PBXFileReference; fileEncoding = 4; lastKnownFileType = sourcecode.swift; path = StepThreeViewController.swift; sourceTree = "<group>"; };
		953D746C1F041D6D00BEDBBD /* StepFourViewController.swift */ = {isa = PBXFileReference; fileEncoding = 4; lastKnownFileType = sourcecode.swift; path = StepFourViewController.swift; sourceTree = "<group>"; };
		953D746E1F041D8100BEDBBD /* StepFiveViewController.swift */ = {isa = PBXFileReference; fileEncoding = 4; lastKnownFileType = sourcecode.swift; path = StepFiveViewController.swift; sourceTree = "<group>"; };
		953D74701F041DDB00BEDBBD /* StepSixViewController.swift */ = {isa = PBXFileReference; fileEncoding = 4; lastKnownFileType = sourcecode.swift; path = StepSixViewController.swift; sourceTree = "<group>"; };
		953D74721F041DE900BEDBBD /* StepSevenViewController.swift */ = {isa = PBXFileReference; fileEncoding = 4; lastKnownFileType = sourcecode.swift; path = StepSevenViewController.swift; sourceTree = "<group>"; };
		953D74741F041DF400BEDBBD /* StepEightViewController.swift */ = {isa = PBXFileReference; fileEncoding = 4; lastKnownFileType = sourcecode.swift; path = StepEightViewController.swift; sourceTree = "<group>"; };
		953D74761F041E5D00BEDBBD /* FinishedStepsViewController.swift */ = {isa = PBXFileReference; fileEncoding = 4; lastKnownFileType = sourcecode.swift; path = FinishedStepsViewController.swift; sourceTree = "<group>"; };
		955D03261F02C086007EE283 /* CrashAssistant.app */ = {isa = PBXFileReference; explicitFileType = wrapper.application; includeInIndex = 0; path = CrashAssistant.app; sourceTree = BUILT_PRODUCTS_DIR; };
		955D03291F02C086007EE283 /* AppDelegate.swift */ = {isa = PBXFileReference; lastKnownFileType = sourcecode.swift; path = AppDelegate.swift; sourceTree = "<group>"; };
		955D032E1F02C086007EE283 /* Base */ = {isa = PBXFileReference; lastKnownFileType = file.storyboard; name = Base; path = Base.lproj/Main.storyboard; sourceTree = "<group>"; };
		955D03311F02C086007EE283 /* CrashAssistant.xcdatamodel */ = {isa = PBXFileReference; lastKnownFileType = wrapper.xcdatamodel; path = CrashAssistant.xcdatamodel; sourceTree = "<group>"; };
		955D03331F02C086007EE283 /* Assets.xcassets */ = {isa = PBXFileReference; lastKnownFileType = folder.assetcatalog; path = Assets.xcassets; sourceTree = "<group>"; };
		955D03361F02C086007EE283 /* Base */ = {isa = PBXFileReference; lastKnownFileType = file.storyboard; name = Base; path = Base.lproj/LaunchScreen.storyboard; sourceTree = "<group>"; };
		955D03381F02C086007EE283 /* Info.plist */ = {isa = PBXFileReference; lastKnownFileType = text.plist.xml; path = Info.plist; sourceTree = "<group>"; };
		955D033F1F02C55E007EE283 /* InitialViewController.swift */ = {isa = PBXFileReference; fileEncoding = 4; lastKnownFileType = sourcecode.swift; path = InitialViewController.swift; sourceTree = "<group>"; };
		955D03421F02CBA4007EE283 /* UIView+FadeAnimation.swift */ = {isa = PBXFileReference; fileEncoding = 4; lastKnownFileType = sourcecode.swift; path = "UIView+FadeAnimation.swift"; sourceTree = "<group>"; };
		95E872DF1F05716900386BFE /* UINavigation+Pop.swift */ = {isa = PBXFileReference; fileEncoding = 4; lastKnownFileType = sourcecode.swift; path = "UINavigation+Pop.swift"; sourceTree = "<group>"; };
		95EABDEF1F06B94B0040BF33 /* Step3+Convenience.swift */ = {isa = PBXFileReference; fileEncoding = 4; lastKnownFileType = sourcecode.swift; path = "Step3+Convenience.swift"; sourceTree = "<group>"; };
		95EABDF11F06B9E60040BF33 /* CoreDataStack.swift */ = {isa = PBXFileReference; fileEncoding = 4; lastKnownFileType = sourcecode.swift; path = CoreDataStack.swift; sourceTree = "<group>"; };
		95EABDF31F06BB840040BF33 /* Step3Controller.swift */ = {isa = PBXFileReference; fileEncoding = 4; lastKnownFileType = sourcecode.swift; path = Step3Controller.swift; sourceTree = "<group>"; };
		95EABDF61F0707580040BF33 /* Date+Conversion.swift */ = {isa = PBXFileReference; fileEncoding = 4; lastKnownFileType = sourcecode.swift; path = "Date+Conversion.swift"; sourceTree = "<group>"; };
		95F174951F04434A00CF65AD /* AccidentReportsTableViewController.swift */ = {isa = PBXFileReference; fileEncoding = 4; lastKnownFileType = sourcecode.swift; path = AccidentReportsTableViewController.swift; sourceTree = "<group>"; };
		95F174971F0443EB00CF65AD /* ProfileTableViewController.swift */ = {isa = PBXFileReference; fileEncoding = 4; lastKnownFileType = sourcecode.swift; path = ProfileTableViewController.swift; sourceTree = "<group>"; };
		95F174991F04466D00CF65AD /* EmergencyListTableViewController.swift */ = {isa = PBXFileReference; fileEncoding = 4; lastKnownFileType = sourcecode.swift; path = EmergencyListTableViewController.swift; sourceTree = "<group>"; };
		95F1749B1F0446F700CF65AD /* AccidentReportDetailTableViewController.swift */ = {isa = PBXFileReference; fileEncoding = 4; lastKnownFileType = sourcecode.swift; path = AccidentReportDetailTableViewController.swift; sourceTree = "<group>"; };
		95F174A31F0448E700CF65AD /* WitnessesViewController.swift */ = {isa = PBXFileReference; fileEncoding = 4; lastKnownFileType = sourcecode.swift; path = WitnessesViewController.swift; sourceTree = "<group>"; };
		95F174A51F04494300CF65AD /* PhotosViewController.swift */ = {isa = PBXFileReference; fileEncoding = 4; lastKnownFileType = sourcecode.swift; path = PhotosViewController.swift; sourceTree = "<group>"; };
		95F174A71F04496100CF65AD /* StatementViewController.swift */ = {isa = PBXFileReference; fileEncoding = 4; lastKnownFileType = sourcecode.swift; path = StatementViewController.swift; sourceTree = "<group>"; };
		95F174AA1F044AB300CF65AD /* AccidentReportTableViewCell.swift */ = {isa = PBXFileReference; fileEncoding = 4; lastKnownFileType = sourcecode.swift; path = AccidentReportTableViewCell.swift; sourceTree = "<group>"; };
/* End PBXFileReference section */

/* Begin PBXFrameworksBuildPhase section */
		955D03231F02C086007EE283 /* Frameworks */ = {
			isa = PBXFrameworksBuildPhase;
			buildActionMask = 2147483647;
			files = (
			);
			runOnlyForDeploymentPostprocessing = 0;
		};
/* End PBXFrameworksBuildPhase section */

/* Begin PBXGroup section */
		953D74781F041F2300BEDBBD /* StepViewControllers */ = {
			isa = PBXGroup;
			children = (
				953D74661F041CC700BEDBBD /* StepOneViewController.swift */,
				953D74681F041D4600BEDBBD /* StepTwoViewController.swift */,
				953D746A1F041D5800BEDBBD /* StepThreeViewController.swift */,
				953D746C1F041D6D00BEDBBD /* StepFourViewController.swift */,
				953D746E1F041D8100BEDBBD /* StepFiveViewController.swift */,
				953D74701F041DDB00BEDBBD /* StepSixViewController.swift */,
				953D74721F041DE900BEDBBD /* StepSevenViewController.swift */,
				953D74741F041DF400BEDBBD /* StepEightViewController.swift */,
				953D74761F041E5D00BEDBBD /* FinishedStepsViewController.swift */,
			);
			name = StepViewControllers;
			sourceTree = "<group>";
		};
		955D031D1F02C086007EE283 = {
			isa = PBXGroup;
			children = (
				955D03281F02C086007EE283 /* CrashAssistant */,
				955D03271F02C086007EE283 /* Products */,
			);
			sourceTree = "<group>";
		};
		955D03271F02C086007EE283 /* Products */ = {
			isa = PBXGroup;
			children = (
				955D03261F02C086007EE283 /* CrashAssistant.app */,
			);
			name = Products;
			sourceTree = "<group>";
		};
		955D03281F02C086007EE283 /* CrashAssistant */ = {
			isa = PBXGroup;
			children = (
				955D032D1F02C086007EE283 /* Main.storyboard */,
				955D03411F02C5A4007EE283 /* ViewControllers */,
				95EABDF51F06BB930040BF33 /* ModelControllers */,
				95EABDEE1F06ACB30040BF33 /* Models */,
				95F174AC1F044ABB00CF65AD /* Views */,
				955D03441F02CBA8007EE283 /* Extensions */,
				955D033E1F02C099007EE283 /* Resources */,
			);
			path = CrashAssistant;
			sourceTree = "<group>";
		};
		955D033E1F02C099007EE283 /* Resources */ = {
			isa = PBXGroup;
			children = (
				955D03331F02C086007EE283 /* Assets.xcassets */,
				955D03291F02C086007EE283 /* AppDelegate.swift */,
				955D03351F02C086007EE283 /* LaunchScreen.storyboard */,
				955D03381F02C086007EE283 /* Info.plist */,
			);
			name = Resources;
			sourceTree = "<group>";
		};
		955D03411F02C5A4007EE283 /* ViewControllers */ = {
			isa = PBXGroup;
			children = (
				955D033F1F02C55E007EE283 /* InitialViewController.swift */,
				95F174A91F044A2800CF65AD /* ProfileViewControllers */,
				953D74781F041F2300BEDBBD /* StepViewControllers */,
			);
			name = ViewControllers;
			sourceTree = "<group>";
		};
		955D03441F02CBA8007EE283 /* Extensions */ = {
			isa = PBXGroup;
			children = (
				955D03421F02CBA4007EE283 /* UIView+FadeAnimation.swift */,
				95E872DF1F05716900386BFE /* UINavigation+Pop.swift */,
				95EABDF61F0707580040BF33 /* Date+Conversion.swift */,
			);
			name = Extensions;
			sourceTree = "<group>";
		};
		95EABDEE1F06ACB30040BF33 /* Models */ = {
			isa = PBXGroup;
			children = (
				955D03301F02C086007EE283 /* CrashAssistant.xcdatamodeld */,
				95EABDEF1F06B94B0040BF33 /* Step3+Convenience.swift */,
				95EABDF11F06B9E60040BF33 /* CoreDataStack.swift */,
			);
			name = Models;
			sourceTree = "<group>";
		};
		95EABDF51F06BB930040BF33 /* ModelControllers */ = {
			isa = PBXGroup;
			children = (
				95EABDF31F06BB840040BF33 /* Step3Controller.swift */,
			);
			name = ModelControllers;
			sourceTree = "<group>";
		};
		95F174A91F044A2800CF65AD /* ProfileViewControllers */ = {
			isa = PBXGroup;
			children = (
				95F174951F04434A00CF65AD /* AccidentReportsTableViewController.swift */,
				95F174971F0443EB00CF65AD /* ProfileTableViewController.swift */,
				95F174991F04466D00CF65AD /* EmergencyListTableViewController.swift */,
				95F1749B1F0446F700CF65AD /* AccidentReportDetailTableViewController.swift */,
				95F174A31F0448E700CF65AD /* WitnessesViewController.swift */,
				95F174A51F04494300CF65AD /* PhotosViewController.swift */,
				95F174A71F04496100CF65AD /* StatementViewController.swift */,
			);
			name = ProfileViewControllers;
			sourceTree = "<group>";
		};
		95F174AC1F044ABB00CF65AD /* Views */ = {
			isa = PBXGroup;
			children = (
				95F174AA1F044AB300CF65AD /* AccidentReportTableViewCell.swift */,
			);
			name = Views;
			sourceTree = "<group>";
		};
/* End PBXGroup section */

/* Begin PBXNativeTarget section */
		955D03251F02C086007EE283 /* CrashAssistant */ = {
			isa = PBXNativeTarget;
			buildConfigurationList = 955D033B1F02C086007EE283 /* Build configuration list for PBXNativeTarget "CrashAssistant" */;
			buildPhases = (
				955D03221F02C086007EE283 /* Sources */,
				955D03231F02C086007EE283 /* Frameworks */,
				955D03241F02C086007EE283 /* Resources */,
			);
			buildRules = (
			);
			dependencies = (
			);
			name = CrashAssistant;
			productName = CrashAssistant;
			productReference = 955D03261F02C086007EE283 /* CrashAssistant.app */;
			productType = "com.apple.product-type.application";
		};
/* End PBXNativeTarget section */

/* Begin PBXProject section */
		955D031E1F02C086007EE283 /* Project object */ = {
			isa = PBXProject;
			attributes = {
				LastSwiftUpdateCheck = 0830;
				LastUpgradeCheck = 0830;
				ORGANIZATIONNAME = LuisPuentes;
				TargetAttributes = {
					955D03251F02C086007EE283 = {
						CreatedOnToolsVersion = 8.3.3;
						DevelopmentTeam = H9L7P6ZCN6;
						ProvisioningStyle = Automatic;
					};
				};
			};
			buildConfigurationList = 955D03211F02C086007EE283 /* Build configuration list for PBXProject "CrashAssistant" */;
			compatibilityVersion = "Xcode 3.2";
			developmentRegion = English;
			hasScannedForEncodings = 0;
			knownRegions = (
				en,
				Base,
			);
			mainGroup = 955D031D1F02C086007EE283;
			productRefGroup = 955D03271F02C086007EE283 /* Products */;
			projectDirPath = "";
			projectRoot = "";
			targets = (
				955D03251F02C086007EE283 /* CrashAssistant */,
			);
		};
/* End PBXProject section */

/* Begin PBXResourcesBuildPhase section */
		955D03241F02C086007EE283 /* Resources */ = {
			isa = PBXResourcesBuildPhase;
			buildActionMask = 2147483647;
			files = (
				955D03371F02C086007EE283 /* LaunchScreen.storyboard in Resources */,
				955D03341F02C086007EE283 /* Assets.xcassets in Resources */,
				955D032F1F02C086007EE283 /* Main.storyboard in Resources */,
			);
			runOnlyForDeploymentPostprocessing = 0;
		};
/* End PBXResourcesBuildPhase section */

/* Begin PBXSourcesBuildPhase section */
		955D03221F02C086007EE283 /* Sources */ = {
			isa = PBXSourcesBuildPhase;
			buildActionMask = 2147483647;
			files = (
				95F174961F04434A00CF65AD /* AccidentReportsTableViewController.swift in Sources */,
				95F174A61F04494300CF65AD /* PhotosViewController.swift in Sources */,
				95EABDF41F06BB840040BF33 /* Step3Controller.swift in Sources */,
				955D03401F02C55E007EE283 /* InitialViewController.swift in Sources */,
				95E872E01F05716900386BFE /* UINavigation+Pop.swift in Sources */,
				953D74671F041CC700BEDBBD /* StepOneViewController.swift in Sources */,
				95F1749A1F04466D00CF65AD /* EmergencyListTableViewController.swift in Sources */,
				955D03431F02CBA4007EE283 /* UIView+FadeAnimation.swift in Sources */,
				953D74731F041DE900BEDBBD /* StepSevenViewController.swift in Sources */,
				95F174A41F0448E700CF65AD /* WitnessesViewController.swift in Sources */,
				95F174A81F04496100CF65AD /* StatementViewController.swift in Sources */,
				953D74751F041DF400BEDBBD /* StepEightViewController.swift in Sources */,
				95F174981F0443EB00CF65AD /* ProfileTableViewController.swift in Sources */,
				95F1749C1F0446F700CF65AD /* AccidentReportDetailTableViewController.swift in Sources */,
				955D03321F02C086007EE283 /* CrashAssistant.xcdatamodeld in Sources */,
				955D032A1F02C086007EE283 /* AppDelegate.swift in Sources */,
				95EABDF21F06B9E60040BF33 /* CoreDataStack.swift in Sources */,
				95EABDF71F0707580040BF33 /* Date+Conversion.swift in Sources */,
				953D74691F041D4600BEDBBD /* StepTwoViewController.swift in Sources */,
				953D746D1F041D6D00BEDBBD /* StepFourViewController.swift in Sources */,
				953D746B1F041D5800BEDBBD /* StepThreeViewController.swift in Sources */,
				953D746F1F041D8100BEDBBD /* StepFiveViewController.swift in Sources */,
				95F174AB1F044AB300CF65AD /* AccidentReportTableViewCell.swift in Sources */,
				953D74711F041DDB00BEDBBD /* StepSixViewController.swift in Sources */,
				95EABDF01F06B94B0040BF33 /* Step3+Convenience.swift in Sources */,
				953D74771F041E5D00BEDBBD /* FinishedStepsViewController.swift in Sources */,
			);
			runOnlyForDeploymentPostprocessing = 0;
		};
/* End PBXSourcesBuildPhase section */

/* Begin PBXVariantGroup section */
		955D032D1F02C086007EE283 /* Main.storyboard */ = {
			isa = PBXVariantGroup;
			children = (
				955D032E1F02C086007EE283 /* Base */,
			);
			name = Main.storyboard;
			sourceTree = "<group>";
		};
		955D03351F02C086007EE283 /* LaunchScreen.storyboard */ = {
			isa = PBXVariantGroup;
			children = (
				955D03361F02C086007EE283 /* Base */,
			);
			name = LaunchScreen.storyboard;
			sourceTree = "<group>";
		};
/* End PBXVariantGroup section */

/* Begin XCBuildConfiguration section */
		955D03391F02C086007EE283 /* Debug */ = {
			isa = XCBuildConfiguration;
			buildSettings = {
				ALWAYS_SEARCH_USER_PATHS = NO;
				CLANG_ANALYZER_NONNULL = YES;
				CLANG_ANALYZER_NUMBER_OBJECT_CONVERSION = YES_AGGRESSIVE;
				CLANG_CXX_LANGUAGE_STANDARD = "gnu++0x";
				CLANG_CXX_LIBRARY = "libc++";
				CLANG_ENABLE_MODULES = YES;
				CLANG_ENABLE_OBJC_ARC = YES;
				CLANG_WARN_BOOL_CONVERSION = YES;
				CLANG_WARN_CONSTANT_CONVERSION = YES;
				CLANG_WARN_DIRECT_OBJC_ISA_USAGE = YES_ERROR;
				CLANG_WARN_DOCUMENTATION_COMMENTS = YES;
				CLANG_WARN_EMPTY_BODY = YES;
				CLANG_WARN_ENUM_CONVERSION = YES;
				CLANG_WARN_INFINITE_RECURSION = YES;
				CLANG_WARN_INT_CONVERSION = YES;
				CLANG_WARN_OBJC_ROOT_CLASS = YES_ERROR;
				CLANG_WARN_SUSPICIOUS_MOVE = YES;
				CLANG_WARN_UNREACHABLE_CODE = YES;
				CLANG_WARN__DUPLICATE_METHOD_MATCH = YES;
				"CODE_SIGN_IDENTITY[sdk=iphoneos*]" = "iPhone Developer";
				COPY_PHASE_STRIP = NO;
				DEBUG_INFORMATION_FORMAT = dwarf;
				ENABLE_STRICT_OBJC_MSGSEND = YES;
				ENABLE_TESTABILITY = YES;
				GCC_C_LANGUAGE_STANDARD = gnu99;
				GCC_DYNAMIC_NO_PIC = NO;
				GCC_NO_COMMON_BLOCKS = YES;
				GCC_OPTIMIZATION_LEVEL = 0;
				GCC_PREPROCESSOR_DEFINITIONS = (
					"DEBUG=1",
					"$(inherited)",
				);
				GCC_WARN_64_TO_32_BIT_CONVERSION = YES;
				GCC_WARN_ABOUT_RETURN_TYPE = YES_ERROR;
				GCC_WARN_UNDECLARED_SELECTOR = YES;
				GCC_WARN_UNINITIALIZED_AUTOS = YES_AGGRESSIVE;
				GCC_WARN_UNUSED_FUNCTION = YES;
				GCC_WARN_UNUSED_VARIABLE = YES;
				IPHONEOS_DEPLOYMENT_TARGET = 10.3;
				MTL_ENABLE_DEBUG_INFO = YES;
				ONLY_ACTIVE_ARCH = YES;
				SDKROOT = iphoneos;
				SWIFT_ACTIVE_COMPILATION_CONDITIONS = DEBUG;
				SWIFT_OPTIMIZATION_LEVEL = "-Onone";
				TARGETED_DEVICE_FAMILY = "1,2";
			};
			name = Debug;
		};
		955D033A1F02C086007EE283 /* Release */ = {
			isa = XCBuildConfiguration;
			buildSettings = {
				ALWAYS_SEARCH_USER_PATHS = NO;
				CLANG_ANALYZER_NONNULL = YES;
				CLANG_ANALYZER_NUMBER_OBJECT_CONVERSION = YES_AGGRESSIVE;
				CLANG_CXX_LANGUAGE_STANDARD = "gnu++0x";
				CLANG_CXX_LIBRARY = "libc++";
				CLANG_ENABLE_MODULES = YES;
				CLANG_ENABLE_OBJC_ARC = YES;
				CLANG_WARN_BOOL_CONVERSION = YES;
				CLANG_WARN_CONSTANT_CONVERSION = YES;
				CLANG_WARN_DIRECT_OBJC_ISA_USAGE = YES_ERROR;
				CLANG_WARN_DOCUMENTATION_COMMENTS = YES;
				CLANG_WARN_EMPTY_BODY = YES;
				CLANG_WARN_ENUM_CONVERSION = YES;
				CLANG_WARN_INFINITE_RECURSION = YES;
				CLANG_WARN_INT_CONVERSION = YES;
				CLANG_WARN_OBJC_ROOT_CLASS = YES_ERROR;
				CLANG_WARN_SUSPICIOUS_MOVE = YES;
				CLANG_WARN_UNREACHABLE_CODE = YES;
				CLANG_WARN__DUPLICATE_METHOD_MATCH = YES;
				"CODE_SIGN_IDENTITY[sdk=iphoneos*]" = "iPhone Developer";
				COPY_PHASE_STRIP = NO;
				DEBUG_INFORMATION_FORMAT = "dwarf-with-dsym";
				ENABLE_NS_ASSERTIONS = NO;
				ENABLE_STRICT_OBJC_MSGSEND = YES;
				GCC_C_LANGUAGE_STANDARD = gnu99;
				GCC_NO_COMMON_BLOCKS = YES;
				GCC_WARN_64_TO_32_BIT_CONVERSION = YES;
				GCC_WARN_ABOUT_RETURN_TYPE = YES_ERROR;
				GCC_WARN_UNDECLARED_SELECTOR = YES;
				GCC_WARN_UNINITIALIZED_AUTOS = YES_AGGRESSIVE;
				GCC_WARN_UNUSED_FUNCTION = YES;
				GCC_WARN_UNUSED_VARIABLE = YES;
				IPHONEOS_DEPLOYMENT_TARGET = 10.3;
				MTL_ENABLE_DEBUG_INFO = NO;
				SDKROOT = iphoneos;
				SWIFT_OPTIMIZATION_LEVEL = "-Owholemodule";
				TARGETED_DEVICE_FAMILY = "1,2";
				VALIDATE_PRODUCT = YES;
			};
			name = Release;
		};
		955D033C1F02C086007EE283 /* Debug */ = {
			isa = XCBuildConfiguration;
			buildSettings = {
				ASSETCATALOG_COMPILER_APPICON_NAME = AppIcon;
				DEVELOPMENT_TEAM = H9L7P6ZCN6;
				INFOPLIST_FILE = CrashAssistant/Info.plist;
				LD_RUNPATH_SEARCH_PATHS = "$(inherited) @executable_path/Frameworks";
				PRODUCT_BUNDLE_IDENTIFIER = com.CrashAssistant;
				PRODUCT_NAME = "$(TARGET_NAME)";
				SWIFT_VERSION = 3.0;
			};
			name = Debug;
		};
		955D033D1F02C086007EE283 /* Release */ = {
			isa = XCBuildConfiguration;
			buildSettings = {
				ASSETCATALOG_COMPILER_APPICON_NAME = AppIcon;
				DEVELOPMENT_TEAM = H9L7P6ZCN6;
				INFOPLIST_FILE = CrashAssistant/Info.plist;
				LD_RUNPATH_SEARCH_PATHS = "$(inherited) @executable_path/Frameworks";
				PRODUCT_BUNDLE_IDENTIFIER = com.CrashAssistant;
				PRODUCT_NAME = "$(TARGET_NAME)";
				SWIFT_VERSION = 3.0;
			};
			name = Release;
		};
/* End XCBuildConfiguration section */

/* Begin XCConfigurationList section */
		955D03211F02C086007EE283 /* Build configuration list for PBXProject "CrashAssistant" */ = {
			isa = XCConfigurationList;
			buildConfigurations = (
				955D03391F02C086007EE283 /* Debug */,
				955D033A1F02C086007EE283 /* Release */,
			);
			defaultConfigurationIsVisible = 0;
			defaultConfigurationName = Release;
		};
		955D033B1F02C086007EE283 /* Build configuration list for PBXNativeTarget "CrashAssistant" */ = {
			isa = XCConfigurationList;
			buildConfigurations = (
				955D033C1F02C086007EE283 /* Debug */,
				955D033D1F02C086007EE283 /* Release */,
			);
			defaultConfigurationIsVisible = 0;
			defaultConfigurationName = Release;
		};
/* End XCConfigurationList section */

/* Begin XCVersionGroup section */
		955D03301F02C086007EE283 /* CrashAssistant.xcdatamodeld */ = {
			isa = XCVersionGroup;
			children = (
				955D03311F02C086007EE283 /* CrashAssistant.xcdatamodel */,
			);
			currentVersion = 955D03311F02C086007EE283 /* CrashAssistant.xcdatamodel */;
			path = CrashAssistant.xcdatamodeld;
			sourceTree = "<group>";
			versionGroupType = wrapper.xcdatamodel;
		};
/* End XCVersionGroup section */
	};
	rootObject = 955D031E1F02C086007EE283 /* Project object */;
}
